// !$*UTF8*$!
{
	archiveVersion = 1;
	classes = {
	};
	objectVersion = 56;
	objects = {

/* Begin PBXBuildFile section */
		B30B8A782A67E6BB006ECFED /* AppDelegate.swift in Sources */ = {isa = PBXBuildFile; fileRef = B30B8A772A67E6BB006ECFED /* AppDelegate.swift */; };
		B30B8A7A2A67E6BB006ECFED /* GameScene.sks in Resources */ = {isa = PBXBuildFile; fileRef = B30B8A792A67E6BB006ECFED /* GameScene.sks */; };
		B30B8A7E2A67E6BB006ECFED /* GameScene.swift in Sources */ = {isa = PBXBuildFile; fileRef = B30B8A7D2A67E6BB006ECFED /* GameScene.swift */; };
		B30B8A802A67E6BB006ECFED /* GameViewController.swift in Sources */ = {isa = PBXBuildFile; fileRef = B30B8A7F2A67E6BB006ECFED /* GameViewController.swift */; };
		B30B8A832A67E6BB006ECFED /* Main.storyboard in Resources */ = {isa = PBXBuildFile; fileRef = B30B8A812A67E6BB006ECFED /* Main.storyboard */; };
		B30B8A852A67E6BC006ECFED /* Assets.xcassets in Resources */ = {isa = PBXBuildFile; fileRef = B30B8A842A67E6BC006ECFED /* Assets.xcassets */; };
		B30B8A882A67E6BC006ECFED /* LaunchScreen.storyboard in Resources */ = {isa = PBXBuildFile; fileRef = B30B8A862A67E6BC006ECFED /* LaunchScreen.storyboard */; };
		B30B8A8F2A682D8A006ECFED /* Paddle.swift in Sources */ = {isa = PBXBuildFile; fileRef = B30B8A8E2A682D8A006ECFED /* Paddle.swift */; };
		B30B8A932A682EC8006ECFED /* ukrainian-flag.gif in Resources */ = {isa = PBXBuildFile; fileRef = B30B8A922A682EC8006ECFED /* ukrainian-flag.gif */; };
		B30B8A952A682EE7006ECFED /* Bundle+gifFrames.swift in Sources */ = {isa = PBXBuildFile; fileRef = B30B8A942A682EE7006ECFED /* Bundle+gifFrames.swift */; };
		B3F50C082A6AC3F800021EE5 /* Ball.swift in Sources */ = {isa = PBXBuildFile; fileRef = B3F50C072A6AC3F800021EE5 /* Ball.swift */; };
		B3F50C0A2A6AC40800021EE5 /* CategoryBitmask.swift in Sources */ = {isa = PBXBuildFile; fileRef = B3F50C092A6AC40800021EE5 /* CategoryBitmask.swift */; };
		B3F50C152A6ACF7500021EE5 /* kremlin.sks in Resources */ = {isa = PBXBuildFile; fileRef = B3F50C142A6ACF7500021EE5 /* kremlin.sks */; };
		B3F50C182A6ADDA500021EE5 /* LevelNode.swift in Sources */ = {isa = PBXBuildFile; fileRef = B3F50C172A6ADDA500021EE5 /* LevelNode.swift */; };
		B3F50C1C2A6AF4D300021EE5 /* Assets.xcassets in Resources */ = {isa = PBXBuildFile; fileRef = B3F50C1A2A6AF4D300021EE5 /* Assets.xcassets */; };
		B3F50C1E2A6AF5DA00021EE5 /* Explosion.sks in Resources */ = {isa = PBXBuildFile; fileRef = B3F50C1D2A6AF5DA00021EE5 /* Explosion.sks */; };
		B3F50C202A6AF8FB00021EE5 /* spark.png in Resources */ = {isa = PBXBuildFile; fileRef = B3F50C1F2A6AF8FB00021EE5 /* spark.png */; };
/* End PBXBuildFile section */

/* Begin PBXFileReference section */
		B30B8A742A67E6BB006ECFED /* Breakrusians.app */ = {isa = PBXFileReference; explicitFileType = wrapper.application; includeInIndex = 0; path = Breakrusians.app; sourceTree = BUILT_PRODUCTS_DIR; };
		B30B8A772A67E6BB006ECFED /* AppDelegate.swift */ = {isa = PBXFileReference; lastKnownFileType = sourcecode.swift; path = AppDelegate.swift; sourceTree = "<group>"; };
		B30B8A792A67E6BB006ECFED /* GameScene.sks */ = {isa = PBXFileReference; lastKnownFileType = file.sks; path = GameScene.sks; sourceTree = "<group>"; };
		B30B8A7D2A67E6BB006ECFED /* GameScene.swift */ = {isa = PBXFileReference; lastKnownFileType = sourcecode.swift; path = GameScene.swift; sourceTree = "<group>"; };
		B30B8A7F2A67E6BB006ECFED /* GameViewController.swift */ = {isa = PBXFileReference; lastKnownFileType = sourcecode.swift; path = GameViewController.swift; sourceTree = "<group>"; };
		B30B8A822A67E6BB006ECFED /* Base */ = {isa = PBXFileReference; lastKnownFileType = file.storyboard; name = Base; path = Base.lproj/Main.storyboard; sourceTree = "<group>"; };
		B30B8A842A67E6BC006ECFED /* Assets.xcassets */ = {isa = PBXFileReference; lastKnownFileType = folder.assetcatalog; path = Assets.xcassets; sourceTree = "<group>"; };
		B30B8A872A67E6BC006ECFED /* Base */ = {isa = PBXFileReference; lastKnownFileType = file.storyboard; name = Base; path = Base.lproj/LaunchScreen.storyboard; sourceTree = "<group>"; };
		B30B8A8E2A682D8A006ECFED /* Paddle.swift */ = {isa = PBXFileReference; lastKnownFileType = sourcecode.swift; path = Paddle.swift; sourceTree = "<group>"; };
		B30B8A922A682EC8006ECFED /* ukrainian-flag.gif */ = {isa = PBXFileReference; lastKnownFileType = image.gif; path = "ukrainian-flag.gif"; sourceTree = "<group>"; };
		B30B8A942A682EE7006ECFED /* Bundle+gifFrames.swift */ = {isa = PBXFileReference; lastKnownFileType = sourcecode.swift; path = "Bundle+gifFrames.swift"; sourceTree = "<group>"; };
		B3F50C072A6AC3F800021EE5 /* Ball.swift */ = {isa = PBXFileReference; lastKnownFileType = sourcecode.swift; path = Ball.swift; sourceTree = "<group>"; };
		B3F50C092A6AC40800021EE5 /* CategoryBitmask.swift */ = {isa = PBXFileReference; lastKnownFileType = sourcecode.swift; path = CategoryBitmask.swift; sourceTree = "<group>"; };
		B3F50C142A6ACF7500021EE5 /* kremlin.sks */ = {isa = PBXFileReference; lastKnownFileType = file.sks; path = kremlin.sks; sourceTree = "<group>"; };
		B3F50C172A6ADDA500021EE5 /* LevelNode.swift */ = {isa = PBXFileReference; lastKnownFileType = sourcecode.swift; path = LevelNode.swift; sourceTree = "<group>"; };
		B3F50C1A2A6AF4D300021EE5 /* Assets.xcassets */ = {isa = PBXFileReference; lastKnownFileType = folder.assetcatalog; path = Assets.xcassets; sourceTree = "<group>"; };
		B3F50C1D2A6AF5DA00021EE5 /* Explosion.sks */ = {isa = PBXFileReference; lastKnownFileType = file.sks; path = Explosion.sks; sourceTree = "<group>"; };
		B3F50C1F2A6AF8FB00021EE5 /* spark.png */ = {isa = PBXFileReference; lastKnownFileType = image.png; path = spark.png; sourceTree = "<group>"; };
/* End PBXFileReference section */

/* Begin PBXFrameworksBuildPhase section */
		B30B8A712A67E6BB006ECFED /* Frameworks */ = {
			isa = PBXFrameworksBuildPhase;
			buildActionMask = 2147483647;
			files = (
			);
			runOnlyForDeploymentPostprocessing = 0;
		};
/* End PBXFrameworksBuildPhase section */

/* Begin PBXGroup section */
		B30B8A6B2A67E6BB006ECFED = {
			isa = PBXGroup;
			children = (
				B30B8A762A67E6BB006ECFED /* Breakrusians */,
				B30B8A752A67E6BB006ECFED /* Products */,
			);
			sourceTree = "<group>";
		};
		B30B8A752A67E6BB006ECFED /* Products */ = {
			isa = PBXGroup;
			children = (
				B30B8A742A67E6BB006ECFED /* Breakrusians.app */,
			);
			name = Products;
			sourceTree = "<group>";
		};
		B30B8A762A67E6BB006ECFED /* Breakrusians */ = {
			isa = PBXGroup;
			children = (
				B3F50C0F2A6AC70700021EE5 /* App */,
				B3F50C0E2A6AC6F800021EE5 /* Assets */,
				B3F50C0C2A6AC6C100021EE5 /* Game */,
				B3F50C0D2A6AC6DA00021EE5 /* Extensions */,
			);
			path = Breakrusians;
			sourceTree = "<group>";
		};
		B3F50C0B2A6AC6B600021EE5 /* Objects */ = {
			isa = PBXGroup;
			children = (
				B3F50C072A6AC3F800021EE5 /* Ball.swift */,
				B30B8A8E2A682D8A006ECFED /* Paddle.swift */,
			);
			path = Objects;
			sourceTree = "<group>";
		};
		B3F50C0C2A6AC6C100021EE5 /* Game */ = {
			isa = PBXGroup;
			children = (
				B3F50C162A6ADD8100021EE5 /* Levels */,
				B3F50C0B2A6AC6B600021EE5 /* Objects */,
				B3F50C092A6AC40800021EE5 /* CategoryBitmask.swift */,
				B30B8A7D2A67E6BB006ECFED /* GameScene.swift */,
				B3F50C1D2A6AF5DA00021EE5 /* Explosion.sks */,
				B30B8A792A67E6BB006ECFED /* GameScene.sks */,
				B3F50C1A2A6AF4D300021EE5 /* Assets.xcassets */,
			);
			path = Game;
			sourceTree = "<group>";
		};
		B3F50C0D2A6AC6DA00021EE5 /* Extensions */ = {
			isa = PBXGroup;
			children = (
				B30B8A942A682EE7006ECFED /* Bundle+gifFrames.swift */,
			);
			path = Extensions;
			sourceTree = "<group>";
		};
		B3F50C0E2A6AC6F800021EE5 /* Assets */ = {
			isa = PBXGroup;
			children = (
				B30B8A842A67E6BC006ECFED /* Assets.xcassets */,
				B3F50C1F2A6AF8FB00021EE5 /* spark.png */,
				B30B8A922A682EC8006ECFED /* ukrainian-flag.gif */,
			);
			path = Assets;
			sourceTree = "<group>";
		};
		B3F50C0F2A6AC70700021EE5 /* App */ = {
			isa = PBXGroup;
			children = (
				B30B8A772A67E6BB006ECFED /* AppDelegate.swift */,
				B30B8A7F2A67E6BB006ECFED /* GameViewController.swift */,
				B30B8A812A67E6BB006ECFED /* Main.storyboard */,
				B30B8A862A67E6BC006ECFED /* LaunchScreen.storyboard */,
			);
			path = App;
			sourceTree = "<group>";
		};
		B3F50C162A6ADD8100021EE5 /* Levels */ = {
			isa = PBXGroup;
			children = (
				B3F50C142A6ACF7500021EE5 /* kremlin.sks */,
				B3F50C172A6ADDA500021EE5 /* LevelNode.swift */,
			);
			path = Levels;
			sourceTree = "<group>";
		};
/* End PBXGroup section */

/* Begin PBXNativeTarget section */
		B30B8A732A67E6BB006ECFED /* Breakrusians */ = {
			isa = PBXNativeTarget;
			buildConfigurationList = B30B8A8B2A67E6BC006ECFED /* Build configuration list for PBXNativeTarget "Breakrusians" */;
			buildPhases = (
				B30B8A702A67E6BB006ECFED /* Sources */,
				B30B8A712A67E6BB006ECFED /* Frameworks */,
				B30B8A722A67E6BB006ECFED /* Resources */,
			);
			buildRules = (
			);
			dependencies = (
			);
			name = Breakrusians;
			productName = Breakrusians;
			productReference = B30B8A742A67E6BB006ECFED /* Breakrusians.app */;
			productType = "com.apple.product-type.application";
		};
/* End PBXNativeTarget section */

/* Begin PBXProject section */
		B30B8A6C2A67E6BB006ECFED /* Project object */ = {
			isa = PBXProject;
			attributes = {
				BuildIndependentTargetsInParallel = 1;
				LastSwiftUpdateCheck = 1430;
				LastUpgradeCheck = 1430;
				TargetAttributes = {
					B30B8A732A67E6BB006ECFED = {
						CreatedOnToolsVersion = 14.3;
					};
				};
			};
			buildConfigurationList = B30B8A6F2A67E6BB006ECFED /* Build configuration list for PBXProject "Breakrusians" */;
			compatibilityVersion = "Xcode 14.0";
			developmentRegion = en;
			hasScannedForEncodings = 0;
			knownRegions = (
				en,
				Base,
			);
			mainGroup = B30B8A6B2A67E6BB006ECFED;
			productRefGroup = B30B8A752A67E6BB006ECFED /* Products */;
			projectDirPath = "";
			projectRoot = "";
			targets = (
				B30B8A732A67E6BB006ECFED /* Breakrusians */,
			);
		};
/* End PBXProject section */

/* Begin PBXResourcesBuildPhase section */
		B30B8A722A67E6BB006ECFED /* Resources */ = {
			isa = PBXResourcesBuildPhase;
			buildActionMask = 2147483647;
			files = (
				B30B8A832A67E6BB006ECFED /* Main.storyboard in Resources */,
				B3F50C202A6AF8FB00021EE5 /* spark.png in Resources */,
				B30B8A7A2A67E6BB006ECFED /* GameScene.sks in Resources */,
				B30B8A852A67E6BC006ECFED /* Assets.xcassets in Resources */,
				B3F50C1E2A6AF5DA00021EE5 /* Explosion.sks in Resources */,
				B30B8A882A67E6BC006ECFED /* LaunchScreen.storyboard in Resources */,
				B3F50C152A6ACF7500021EE5 /* kremlin.sks in Resources */,
				B3F50C1C2A6AF4D300021EE5 /* Assets.xcassets in Resources */,
				B30B8A932A682EC8006ECFED /* ukrainian-flag.gif in Resources */,
			);
			runOnlyForDeploymentPostprocessing = 0;
		};
/* End PBXResourcesBuildPhase section */

/* Begin PBXSourcesBuildPhase section */
		B30B8A702A67E6BB006ECFED /* Sources */ = {
			isa = PBXSourcesBuildPhase;
			buildActionMask = 2147483647;
			files = (
				B3F50C082A6AC3F800021EE5 /* Ball.swift in Sources */,
				B3F50C182A6ADDA500021EE5 /* LevelNode.swift in Sources */,
				B30B8A7E2A67E6BB006ECFED /* GameScene.swift in Sources */,
				B30B8A952A682EE7006ECFED /* Bundle+gifFrames.swift in Sources */,
				B30B8A8F2A682D8A006ECFED /* Paddle.swift in Sources */,
				B30B8A802A67E6BB006ECFED /* GameViewController.swift in Sources */,
				B30B8A782A67E6BB006ECFED /* AppDelegate.swift in Sources */,
				B3F50C0A2A6AC40800021EE5 /* CategoryBitmask.swift in Sources */,
			);
			runOnlyForDeploymentPostprocessing = 0;
		};
/* End PBXSourcesBuildPhase section */

/* Begin PBXVariantGroup section */
		B30B8A812A67E6BB006ECFED /* Main.storyboard */ = {
			isa = PBXVariantGroup;
			children = (
				B30B8A822A67E6BB006ECFED /* Base */,
			);
			name = Main.storyboard;
			sourceTree = "<group>";
		};
		B30B8A862A67E6BC006ECFED /* LaunchScreen.storyboard */ = {
			isa = PBXVariantGroup;
			children = (
				B30B8A872A67E6BC006ECFED /* Base */,
			);
			name = LaunchScreen.storyboard;
			sourceTree = "<group>";
		};
/* End PBXVariantGroup section */

/* Begin XCBuildConfiguration section */
		B30B8A892A67E6BC006ECFED /* Debug */ = {
			isa = XCBuildConfiguration;
			buildSettings = {
				ALWAYS_SEARCH_USER_PATHS = NO;
				CLANG_ANALYZER_NONNULL = YES;
				CLANG_ANALYZER_NUMBER_OBJECT_CONVERSION = YES_AGGRESSIVE;
				CLANG_CXX_LANGUAGE_STANDARD = "gnu++20";
				CLANG_ENABLE_MODULES = YES;
				CLANG_ENABLE_OBJC_ARC = YES;
				CLANG_ENABLE_OBJC_WEAK = YES;
				CLANG_WARN_BLOCK_CAPTURE_AUTORELEASING = YES;
				CLANG_WARN_BOOL_CONVERSION = YES;
				CLANG_WARN_COMMA = YES;
				CLANG_WARN_CONSTANT_CONVERSION = YES;
				CLANG_WARN_DEPRECATED_OBJC_IMPLEMENTATIONS = YES;
				CLANG_WARN_DIRECT_OBJC_ISA_USAGE = YES_ERROR;
				CLANG_WARN_DOCUMENTATION_COMMENTS = YES;
				CLANG_WARN_EMPTY_BODY = YES;
				CLANG_WARN_ENUM_CONVERSION = YES;
				CLANG_WARN_INFINITE_RECURSION = YES;
				CLANG_WARN_INT_CONVERSION = YES;
				CLANG_WARN_NON_LITERAL_NULL_CONVERSION = YES;
				CLANG_WARN_OBJC_IMPLICIT_RETAIN_SELF = YES;
				CLANG_WARN_OBJC_LITERAL_CONVERSION = YES;
				CLANG_WARN_OBJC_ROOT_CLASS = YES_ERROR;
				CLANG_WARN_QUOTED_INCLUDE_IN_FRAMEWORK_HEADER = YES;
				CLANG_WARN_RANGE_LOOP_ANALYSIS = YES;
				CLANG_WARN_STRICT_PROTOTYPES = YES;
				CLANG_WARN_SUSPICIOUS_MOVE = YES;
				CLANG_WARN_UNGUARDED_AVAILABILITY = YES_AGGRESSIVE;
				CLANG_WARN_UNREACHABLE_CODE = YES;
				CLANG_WARN__DUPLICATE_METHOD_MATCH = YES;
				COPY_PHASE_STRIP = NO;
				DEBUG_INFORMATION_FORMAT = dwarf;
				ENABLE_STRICT_OBJC_MSGSEND = YES;
				ENABLE_TESTABILITY = YES;
				GCC_C_LANGUAGE_STANDARD = gnu11;
				GCC_DYNAMIC_NO_PIC = NO;
				GCC_NO_COMMON_BLOCKS = YES;
				GCC_OPTIMIZATION_LEVEL = 0;
				GCC_PREPROCESSOR_DEFINITIONS = (
					"DEBUG=1",
					"$(inherited)",
				);
				GCC_WARN_64_TO_32_BIT_CONVERSION = YES;
				GCC_WARN_ABOUT_RETURN_TYPE = YES_ERROR;
				GCC_WARN_UNDECLARED_SELECTOR = YES;
				GCC_WARN_UNINITIALIZED_AUTOS = YES_AGGRESSIVE;
				GCC_WARN_UNUSED_FUNCTION = YES;
				GCC_WARN_UNUSED_VARIABLE = YES;
				IPHONEOS_DEPLOYMENT_TARGET = 16.4;
				MTL_ENABLE_DEBUG_INFO = INCLUDE_SOURCE;
				MTL_FAST_MATH = YES;
				ONLY_ACTIVE_ARCH = YES;
				SDKROOT = iphoneos;
				SWIFT_ACTIVE_COMPILATION_CONDITIONS = DEBUG;
				SWIFT_OPTIMIZATION_LEVEL = "-Onone";
			};
			name = Debug;
		};
		B30B8A8A2A67E6BC006ECFED /* Release */ = {
			isa = XCBuildConfiguration;
			buildSettings = {
				ALWAYS_SEARCH_USER_PATHS = NO;
				CLANG_ANALYZER_NONNULL = YES;
				CLANG_ANALYZER_NUMBER_OBJECT_CONVERSION = YES_AGGRESSIVE;
				CLANG_CXX_LANGUAGE_STANDARD = "gnu++20";
				CLANG_ENABLE_MODULES = YES;
				CLANG_ENABLE_OBJC_ARC = YES;
				CLANG_ENABLE_OBJC_WEAK = YES;
				CLANG_WARN_BLOCK_CAPTURE_AUTORELEASING = YES;
				CLANG_WARN_BOOL_CONVERSION = YES;
				CLANG_WARN_COMMA = YES;
				CLANG_WARN_CONSTANT_CONVERSION = YES;
				CLANG_WARN_DEPRECATED_OBJC_IMPLEMENTATIONS = YES;
				CLANG_WARN_DIRECT_OBJC_ISA_USAGE = YES_ERROR;
				CLANG_WARN_DOCUMENTATION_COMMENTS = YES;
				CLANG_WARN_EMPTY_BODY = YES;
				CLANG_WARN_ENUM_CONVERSION = YES;
				CLANG_WARN_INFINITE_RECURSION = YES;
				CLANG_WARN_INT_CONVERSION = YES;
				CLANG_WARN_NON_LITERAL_NULL_CONVERSION = YES;
				CLANG_WARN_OBJC_IMPLICIT_RETAIN_SELF = YES;
				CLANG_WARN_OBJC_LITERAL_CONVERSION = YES;
				CLANG_WARN_OBJC_ROOT_CLASS = YES_ERROR;
				CLANG_WARN_QUOTED_INCLUDE_IN_FRAMEWORK_HEADER = YES;
				CLANG_WARN_RANGE_LOOP_ANALYSIS = YES;
				CLANG_WARN_STRICT_PROTOTYPES = YES;
				CLANG_WARN_SUSPICIOUS_MOVE = YES;
				CLANG_WARN_UNGUARDED_AVAILABILITY = YES_AGGRESSIVE;
				CLANG_WARN_UNREACHABLE_CODE = YES;
				CLANG_WARN__DUPLICATE_METHOD_MATCH = YES;
				COPY_PHASE_STRIP = NO;
				DEBUG_INFORMATION_FORMAT = "dwarf-with-dsym";
				ENABLE_NS_ASSERTIONS = NO;
				ENABLE_STRICT_OBJC_MSGSEND = YES;
				GCC_C_LANGUAGE_STANDARD = gnu11;
				GCC_NO_COMMON_BLOCKS = YES;
				GCC_WARN_64_TO_32_BIT_CONVERSION = YES;
				GCC_WARN_ABOUT_RETURN_TYPE = YES_ERROR;
				GCC_WARN_UNDECLARED_SELECTOR = YES;
				GCC_WARN_UNINITIALIZED_AUTOS = YES_AGGRESSIVE;
				GCC_WARN_UNUSED_FUNCTION = YES;
				GCC_WARN_UNUSED_VARIABLE = YES;
				IPHONEOS_DEPLOYMENT_TARGET = 16.4;
				MTL_ENABLE_DEBUG_INFO = NO;
				MTL_FAST_MATH = YES;
				SDKROOT = iphoneos;
				SWIFT_COMPILATION_MODE = wholemodule;
				SWIFT_OPTIMIZATION_LEVEL = "-O";
				VALIDATE_PRODUCT = YES;
			};
			name = Release;
		};
		B30B8A8C2A67E6BC006ECFED /* Debug */ = {
			isa = XCBuildConfiguration;
			buildSettings = {
				ASSETCATALOG_COMPILER_APPICON_NAME = AppIcon;
				ASSETCATALOG_COMPILER_GLOBAL_ACCENT_COLOR_NAME = AccentColor;
				CODE_SIGN_STYLE = Automatic;
				CURRENT_PROJECT_VERSION = 1;
				DEVELOPMENT_TEAM = 8N949X2SJZ;
				GENERATE_INFOPLIST_FILE = YES;
				INFOPLIST_KEY_UIApplicationSupportsIndirectInputEvents = YES;
				INFOPLIST_KEY_UILaunchStoryboardName = LaunchScreen;
				INFOPLIST_KEY_UIMainStoryboardFile = Main;
				INFOPLIST_KEY_UIStatusBarHidden = YES;
				INFOPLIST_KEY_UISupportedInterfaceOrientations_iPad = "UIInterfaceOrientationPortrait UIInterfaceOrientationPortraitUpsideDown UIInterfaceOrientationLandscapeLeft UIInterfaceOrientationLandscapeRight";
				INFOPLIST_KEY_UISupportedInterfaceOrientations_iPhone = "UIInterfaceOrientationPortrait UIInterfaceOrientationLandscapeLeft UIInterfaceOrientationLandscapeRight";
				LD_RUNPATH_SEARCH_PATHS = (
					"$(inherited)",
					"@executable_path/Frameworks",
				);
				MARKETING_VERSION = 1.0;
				PRODUCT_BUNDLE_IDENTIFIER = com.scales.Breakrusians;
				PRODUCT_NAME = "$(TARGET_NAME)";
				SWIFT_EMIT_LOC_STRINGS = YES;
				SWIFT_VERSION = 5.0;
				TARGETED_DEVICE_FAMILY = "1,2";
			};
			name = Debug;
		};
		B30B8A8D2A67E6BC006ECFED /* Release */ = {
			isa = XCBuildConfiguration;
			buildSettings = {
				ASSETCATALOG_COMPILER_APPICON_NAME = AppIcon;
				ASSETCATALOG_COMPILER_GLOBAL_ACCENT_COLOR_NAME = AccentColor;
				CODE_SIGN_STYLE = Automatic;
				CURRENT_PROJECT_VERSION = 1;
				DEVELOPMENT_TEAM = 8N949X2SJZ;
				GENERATE_INFOPLIST_FILE = YES;
				INFOPLIST_KEY_UIApplicationSupportsIndirectInputEvents = YES;
				INFOPLIST_KEY_UILaunchStoryboardName = LaunchScreen;
				INFOPLIST_KEY_UIMainStoryboardFile = Main;
				INFOPLIST_KEY_UIStatusBarHidden = YES;
				INFOPLIST_KEY_UISupportedInterfaceOrientations_iPad = "UIInterfaceOrientationPortrait UIInterfaceOrientationPortraitUpsideDown UIInterfaceOrientationLandscapeLeft UIInterfaceOrientationLandscapeRight";
				INFOPLIST_KEY_UISupportedInterfaceOrientations_iPhone = "UIInterfaceOrientationPortrait UIInterfaceOrientationLandscapeLeft UIInterfaceOrientationLandscapeRight";
				LD_RUNPATH_SEARCH_PATHS = (
					"$(inherited)",
					"@executable_path/Frameworks",
				);
				MARKETING_VERSION = 1.0;
				PRODUCT_BUNDLE_IDENTIFIER = com.scales.Breakrusians;
				PRODUCT_NAME = "$(TARGET_NAME)";
				SWIFT_EMIT_LOC_STRINGS = YES;
				SWIFT_VERSION = 5.0;
				TARGETED_DEVICE_FAMILY = "1,2";
			};
			name = Release;
		};
/* End XCBuildConfiguration section */

/* Begin XCConfigurationList section */
		B30B8A6F2A67E6BB006ECFED /* Build configuration list for PBXProject "Breakrusians" */ = {
			isa = XCConfigurationList;
			buildConfigurations = (
				B30B8A892A67E6BC006ECFED /* Debug */,
				B30B8A8A2A67E6BC006ECFED /* Release */,
			);
			defaultConfigurationIsVisible = 0;
			defaultConfigurationName = Release;
		};
		B30B8A8B2A67E6BC006ECFED /* Build configuration list for PBXNativeTarget "Breakrusians" */ = {
			isa = XCConfigurationList;
			buildConfigurations = (
				B30B8A8C2A67E6BC006ECFED /* Debug */,
				B30B8A8D2A67E6BC006ECFED /* Release */,
			);
			defaultConfigurationIsVisible = 0;
			defaultConfigurationName = Release;
		};
/* End XCConfigurationList section */
	};
	rootObject = B30B8A6C2A67E6BB006ECFED /* Project object */;
}
